
Microsoft Visual Studio Solution File, Format Version 12.00
# Visual Studio Version 16
VisualStudioVersion = 25.0.1706.13
MinimumVisualStudioVersion = 10.0.40219.1
Project("{FAE04EC0-301F-11D3-BF4B-00C04F79EFBC}") = "OneToManyRelationship", "OneToManyRelationship\OneToManyRelationship.csproj", "{B4FB6ACD-6DF6-471C-81B5-08E02033F3F1}"
EndProject
Global
	GlobalSection(SolutionConfigurationPlatforms) = preSolution
		Debug|Any CPU = Debug|Any CPU
		Release|Any CPU = Release|Any CPU
	EndGlobalSection
	GlobalSection(ProjectConfigurationPlatforms) = postSolution
		{B4FB6ACD-6DF6-471C-81B5-08E02033F3F1}.Debug|Any CPU.ActiveCfg = Debug|Any CPU
		{B4FB6ACD-6DF6-471C-81B5-08E02033F3F1}.Debug|Any CPU.Build.0 = Debug|Any CPU
		{B4FB6ACD-6DF6-471C-81B5-08E02033F3F1}.Release|Any CPU.ActiveCfg = Release|Any CPU
		{B4FB6ACD-6DF6-471C-81B5-08E02033F3F1}.Release|Any CPU.Build.0 = Release|Any CPU
	EndGlobalSection
	GlobalSection(SolutionProperties) = preSolution
		HideSolutionNode = FALSE
	EndGlobalSection
	GlobalSection(ExtensibilityGlobals) = postSolution
		SolutionGuid = {AAF4B6D1-6A93-4DFF-A52D-2039EBC91CB8}
	EndGlobalSection
EndGlobal
